
Microsoft Visual Studio Solution File, Format Version 12.00
# Visual Studio Version 16
VisualStudioVersion = 16.0.30907.101
MinimumVisualStudioVersion = 10.0.40219.1
Project("{9A19103F-16F7-4668-BE54-9A1E7A4F7556}") = "Biblioteca", "Biblioteca.csproj", "{21E57CDD-AE15-4FC6-A76F-FA3FB085FFFA}"
EndProject
Global
	GlobalSection(SolutionConfigurationPlatforms) = preSolution
		Debug|Any CPU = Debug|Any CPU
		Release|Any CPU = Release|Any CPU
	EndGlobalSection
	GlobalSection(ProjectConfigurationPlatforms) = postSolution
		{21E57CDD-AE15-4FC6-A76F-FA3FB085FFFA}.Debug|Any CPU.ActiveCfg = Debug|Any CPU
		{21E57CDD-AE15-4FC6-A76F-FA3FB085FFFA}.Debug|Any CPU.Build.0 = Debug|Any CPU
		{21E57CDD-AE15-4FC6-A76F-FA3FB085FFFA}.Release|Any CPU.ActiveCfg = Release|Any CPU
		{21E57CDD-AE15-4FC6-A76F-FA3FB085FFFA}.Release|Any CPU.Build.0 = Release|Any CPU
	EndGlobalSection
	GlobalSection(SolutionProperties) = preSolution
		HideSolutionNode = FALSE
	EndGlobalSection
	GlobalSection(ExtensibilityGlobals) = postSolution
		SolutionGuid = {D4C8D94D-B291-40D5-9911-9C2BF5C85799}
	EndGlobalSection
EndGlobal
